
Microsoft Visual Studio Solution File, Format Version 12.00
# Visual Studio Version 17
VisualStudioVersion = 17.10.35122.118
MinimumVisualStudioVersion = 10.0.40219.1
Project("{9A19103F-16F7-4668-BE54-9A1E7A4F7556}") = "IS_Kactus_Expenses", "IS_Kactus_Expenses.csproj", "{07FC4737-388A-4C66-BD72-9A524A237FF7}"
EndProject
Global
	GlobalSection(SolutionConfigurationPlatforms) = preSolution
		Debug|Any CPU = Debug|Any CPU
		Release|Any CPU = Release|Any CPU
	EndGlobalSection
	GlobalSection(ProjectConfigurationPlatforms) = postSolution
		{07FC4737-388A-4C66-BD72-9A524A237FF7}.Debug|Any CPU.ActiveCfg = Debug|Any CPU
		{07FC4737-388A-4C66-BD72-9A524A237FF7}.Debug|Any CPU.Build.0 = Debug|Any CPU
		{07FC4737-388A-4C66-BD72-9A524A237FF7}.Release|Any CPU.ActiveCfg = Release|Any CPU
		{07FC4737-388A-4C66-BD72-9A524A237FF7}.Release|Any CPU.Build.0 = Release|Any CPU
	EndGlobalSection
	GlobalSection(SolutionProperties) = preSolution
		HideSolutionNode = FALSE
	EndGlobalSection
	GlobalSection(ExtensibilityGlobals) = postSolution
		SolutionGuid = {57EECC0F-5C32-4671-A886-85C428076AFE}
	EndGlobalSection
EndGlobal
